github.com/davecgh/go-spew v1.1.0/go.mod h1:J7Y8YcW2NihsgmVo/mv3lAwl/skON4iLHjSsI+c5H38=
github.com/ebitengine/gomobile v0.0.0-20240518074828-e86332849895 h1:48bCqKTuD7Z0UovDfvpCn7wZ0GUZ+yosIteNDthn3FU=
github.com/ebitengine/gomobile v0.0.0-20240518074828-e86332849895/go.mod h1:XZdLv05c5hOZm3fM2NlJ92FyEZjnslcMcNRrhxs8+8M=
github.com/ebitengine/hideconsole v1.0.0 h1:5J4U0kXF+pv/DhiXt5/lTz0eO5ogJ1iXb8Yj1yReDqE=
github.com/ebitengine/hideconsole v1.0.0/go.mod h1:hTTBTvVYWKBuxPr7peweneWdkUwEuHuB3C1R/ielR1A=
github.com/ebitengine/purego v0.7.1 h1:6/55d26lG3o9VCZX8lping+bZcmShseiqlh2bnUDiPA=
github.com/ebitengine/purego v0.7.1/go.mod h1:ah1In8AOtksoNK6yk5z1HTJeUkC1Ez4Wk2idgGslMwQ=
github.com/go-test/deep v1.0.1 h1:UQhStjbkDClarlmv0am7OXXO4/GaPdCGiUiMTvi28sg=
github.com/hajimehoshi/bitmapfont/v3 v3.0.0 h1:r2+6gYK38nfztS/et50gHAswb9hXgxXECYgE8Nczmi4=
github.com/hajimehoshi/ebiten/v2 v2.7.8 h1:QrlvF2byCzMuDsbxFReJkOCbM3O2z1H/NKQaGcA8PKk=
github.com/hajimehoshi/ebiten/v2 v2.7.8/go.mod h1:Ulbq5xDmdx47P24EJ+Mb31Zps7vQq+guieG9mghQUaA=
github.com/jezek/xgb v1.1.1 h1:bE/r8ZZtSv7l9gk6nU0mYx51aXrvnyb44892TwSaqS4=
github.com/jezek/xgb v1.1.1/go.mod h1:nrhwO0FX/enq75I7Y7G8iN1ubpSGZEiA3v9e9GyRFlk=
github.com/pmezard/go-difflib v1.0.0/go.mod h1:iKH77koFhYxTK1pcRnkKkqfTogsbg7gZNVY4sRDYZ/4=
github.com/qmuntal/gltf v0.26.1-0.20240704075444-782e57e021e1 h1:E2QnY6J3DP8tSyAE28BiGcbPFpbIDDtvq3zB6KyBVSI=
github.com/qmuntal/gltf v0.26.1-0.20240704075444-782e57e021e1/go.mod h1:YoXZOt0Nc0kIfSKOLZIRoV4FycdC+GzE+3JgiAGYoMs=
github.com/stretchr/objx v0.1.0/go.mod h1:HFkY916IF+rwdDfMAkV7OtwuqBVzrE8GR6GFx+wExME=
github.com/stretchr/testify v1.5.1/go.mod h1:5W2xD1RspED5o8YsWQXVCued0rvSQ+mT+I5cxcmMvtA=
github.com/tanema/gween v0.0.0-20221212145351-621cc8a459d1 h1:s2Tn3G6rP4VljC5XDN6hARqXogkhr3k/jAsTqawSN5U=
github.com/tanema/gween v0.0.0-20221212145351-621cc8a459d1/go.mod h1:XXpz+9IVhUY5vTC5gXRNSjLDVwQWa5KM43NrH1GJa4M=
golang.org/x/image v0.18.0 h1:jGzIakQa/ZXI1I0Fxvaa9W7yP25TqT6cHIHn+6CqvSQ=
golang.org/x/image v0.18.0/go.mod h1:4yyo5vMFQjVjUcVk4jEQcU9MGy/rulF5WvUILseCM2E=
golang.org/x/sync v0.7.0 h1:YsImfSBoP9QPYL0xyKJPq0gcaJdG3rInoqxTWbfQu9M=
golang.org/x/sync v0.7.0/go.mod h1:Czt+wKu1gCyEFDUtn0jG5QVvpJ6rzVqr5aXyt9drQfk=
golang.org/x/sys v0.22.0 h1:RI27ohtqKCnwULzJLqkv897zojh5/DwS/ENaMzUOaWI=
golang.org/x/sys v0.22.0/go.mod h1:/VUhepiaJMQUp4+oa/7Zr1D23ma6VTLIYjOOTFZPUcA=
golang.org/x/text v0.16.0 h1:a94ExnEXNtEwYLGJSIUxnWoxoRz/ZcCsV63ROupILh4=
golang.org/x/text v0.16.0/go.mod h1:GhwF1Be+LQoKShO3cGOHzqOgRrGaYc9AvblQOmPVHnI=
gopkg.in/check.v1 v0.0.0-20161208181325-20d25e280405/go.mod h1:Co6ibVJAznAaIkqp8huTwlJQCZ016jof/cbN4VW5Yz0=
gopkg.in/yaml.v2 v2.2.2/go.mod h1:hI93XBmqTisBFMUTm0b8Fm+jr3Dg1NNxqwp+5A1VGuI=
